
Microsoft Visual Studio Solution File, Format Version 12.00
# Visual Studio 15
VisualStudioVersion = 15.0.27004.2006
MinimumVisualStudioVersion = 10.0.40219.1
Project("{FAE04EC0-301F-11D3-BF4B-00C04F79EFBC}") = "HW6", "HW6\HW6.csproj", "{CACAC9D6-BBD9-4565-83B1-6104B2EA48BC}"
EndProject
Global
	GlobalSection(SolutionConfigurationPlatforms) = preSolution
		Debug|Any CPU = Debug|Any CPU
		Release|Any CPU = Release|Any CPU
	EndGlobalSection
	GlobalSection(ProjectConfigurationPlatforms) = postSolution
		{CACAC9D6-BBD9-4565-83B1-6104B2EA48BC}.Debug|Any CPU.ActiveCfg = Debug|Any CPU
		{CACAC9D6-BBD9-4565-83B1-6104B2EA48BC}.Debug|Any CPU.Build.0 = Debug|Any CPU
		{CACAC9D6-BBD9-4565-83B1-6104B2EA48BC}.Release|Any CPU.ActiveCfg = Release|Any CPU
		{CACAC9D6-BBD9-4565-83B1-6104B2EA48BC}.Release|Any CPU.Build.0 = Release|Any CPU
	EndGlobalSection
	GlobalSection(SolutionProperties) = preSolution
		HideSolutionNode = FALSE
	EndGlobalSection
	GlobalSection(ExtensibilityGlobals) = postSolution
		SolutionGuid = {8B10D169-C2D0-45D9-B5E1-BA863B3DAAFE}
	EndGlobalSection
EndGlobal
